
Microsoft Visual Studio Solution File, Format Version 12.00
# Visual Studio 15
VisualStudioVersion = 15.0.27130.2024
MinimumVisualStudioVersion = 10.0.40219.1
Project("{CC5FD16D-436D-48AD-A40C-5A424C6E3E79}") = "TorControlAzureWorker", "TorControlAzureWorker.ccproj", "{A3F0FF88-5336-4D96-80FC-F9DB93153D64}"
EndProject
Project("{FAE04EC0-301F-11D3-BF4B-00C04F79EFBC}") = "ControlWorker", "ControlWorker\ControlWorker.csproj", "{25863AF0-9968-4EB9-9643-1657C27D83B8}"
EndProject
Global
	GlobalSection(SolutionConfigurationPlatforms) = preSolution
		Debug|Any CPU = Debug|Any CPU
		Release|Any CPU = Release|Any CPU
	EndGlobalSection
	GlobalSection(ProjectConfigurationPlatforms) = postSolution
		{A3F0FF88-5336-4D96-80FC-F9DB93153D64}.Debug|Any CPU.ActiveCfg = Debug|Any CPU
		{A3F0FF88-5336-4D96-80FC-F9DB93153D64}.Debug|Any CPU.Build.0 = Debug|Any CPU
		{A3F0FF88-5336-4D96-80FC-F9DB93153D64}.Release|Any CPU.ActiveCfg = Release|Any CPU
		{A3F0FF88-5336-4D96-80FC-F9DB93153D64}.Release|Any CPU.Build.0 = Release|Any CPU
		{25863AF0-9968-4EB9-9643-1657C27D83B8}.Debug|Any CPU.ActiveCfg = Debug|Any CPU
		{25863AF0-9968-4EB9-9643-1657C27D83B8}.Debug|Any CPU.Build.0 = Debug|Any CPU
		{25863AF0-9968-4EB9-9643-1657C27D83B8}.Release|Any CPU.ActiveCfg = Release|Any CPU
		{25863AF0-9968-4EB9-9643-1657C27D83B8}.Release|Any CPU.Build.0 = Release|Any CPU
	EndGlobalSection
	GlobalSection(SolutionProperties) = preSolution
		HideSolutionNode = FALSE
	EndGlobalSection
	GlobalSection(ExtensibilityGlobals) = postSolution
		SolutionGuid = {B93E85B6-9654-4031-9BD1-A9B11E4D685F}
	EndGlobalSection
EndGlobal
